
Microsoft Visual Studio Solution File, Format Version 12.00
# Visual Studio 15
Project("{FAE04EC0-301F-11D3-BF4B-00C04F79EFBC}") = "Assembly-CSharp", "Assembly-CSharp.csproj", "{F497F30C-FE26-BB77-F7D9-9DCDFD411737}"
EndProject
Project("{FAE04EC0-301F-11D3-BF4B-00C04F79EFBC}") = "Assembly-CSharp-Editor", "Assembly-CSharp-Editor.csproj", "{983CB346-20B0-4712-C4C6-1F1E843BD2E4}"
EndProject
Global
	GlobalSection(SolutionConfigurationPlatforms) = preSolution
		Debug|Any CPU = Debug|Any CPU
		Release|Any CPU = Release|Any CPU
	EndGlobalSection
	GlobalSection(ProjectConfigurationPlatforms) = postSolution
		{F497F30C-FE26-BB77-F7D9-9DCDFD411737}.Debug|Any CPU.ActiveCfg = Debug|Any CPU
		{F497F30C-FE26-BB77-F7D9-9DCDFD411737}.Debug|Any CPU.Build.0 = Debug|Any CPU
		{F497F30C-FE26-BB77-F7D9-9DCDFD411737}.Release|Any CPU.ActiveCfg = Release|Any CPU
		{F497F30C-FE26-BB77-F7D9-9DCDFD411737}.Release|Any CPU.Build.0 = Release|Any CPU
		{983CB346-20B0-4712-C4C6-1F1E843BD2E4}.Debug|Any CPU.ActiveCfg = Debug|Any CPU
		{983CB346-20B0-4712-C4C6-1F1E843BD2E4}.Debug|Any CPU.Build.0 = Debug|Any CPU
		{983CB346-20B0-4712-C4C6-1F1E843BD2E4}.Release|Any CPU.ActiveCfg = Release|Any CPU
		{983CB346-20B0-4712-C4C6-1F1E843BD2E4}.Release|Any CPU.Build.0 = Release|Any CPU
	EndGlobalSection
	GlobalSection(SolutionProperties) = preSolution
		HideSolutionNode = FALSE
	EndGlobalSection
EndGlobal
